// !$*UTF8*$!
{
	archiveVersion = 1;
	classes = {
	};
	objectVersion = 46;
	objects = {

/* Begin PBXBuildFile section */
		4C4E05A61B4459D700BF69C2 /* AppDelegate.swift in Sources */ = {isa = PBXBuildFile; fileRef = 4C4E05A51B4459D700BF69C2 /* AppDelegate.swift */; };
		4C4E05A81B4459D700BF69C2 /* Document.swift in Sources */ = {isa = PBXBuildFile; fileRef = 4C4E05A71B4459D700BF69C2 /* Document.swift */; };
		4C4E05AB1B4459D700BF69C2 /* Document.xib in Resources */ = {isa = PBXBuildFile; fileRef = 4C4E05A91B4459D700BF69C2 /* Document.xib */; };
		4C4E05AD1B4459D700BF69C2 /* Assets.xcassets in Resources */ = {isa = PBXBuildFile; fileRef = 4C4E05AC1B4459D700BF69C2 /* Assets.xcassets */; };
		4C4E05B01B4459D700BF69C2 /* MainMenu.xib in Resources */ = {isa = PBXBuildFile; fileRef = 4C4E05AE1B4459D700BF69C2 /* MainMenu.xib */; };
/* End PBXBuildFile section */

/* Begin PBXFileReference section */
		4C4E05A21B4459D700BF69C2 /* PListEditor.app */ = {isa = PBXFileReference; explicitFileType = wrapper.application; includeInIndex = 0; path = PListEditor.app; sourceTree = BUILT_PRODUCTS_DIR; };
		4C4E05A51B4459D700BF69C2 /* AppDelegate.swift */ = {isa = PBXFileReference; lastKnownFileType = sourcecode.swift; path = AppDelegate.swift; sourceTree = "<group>"; };
		4C4E05A71B4459D700BF69C2 /* Document.swift */ = {isa = PBXFileReference; lastKnownFileType = sourcecode.swift; path = Document.swift; sourceTree = "<group>"; };
		4C4E05AA1B4459D700BF69C2 /* Base */ = {isa = PBXFileReference; lastKnownFileType = file.xib; name = Base; path = Base.lproj/Document.xib; sourceTree = "<group>"; };
		4C4E05AC1B4459D700BF69C2 /* Assets.xcassets */ = {isa = PBXFileReference; lastKnownFileType = folder.assetcatalog; path = Assets.xcassets; sourceTree = "<group>"; };
		4C4E05AF1B4459D700BF69C2 /* Base */ = {isa = PBXFileReference; lastKnownFileType = file.xib; name = Base; path = Base.lproj/MainMenu.xib; sourceTree = "<group>"; };
		4C4E05B11B4459D700BF69C2 /* Info.plist */ = {isa = PBXFileReference; lastKnownFileType = text.plist.xml; path = Info.plist; sourceTree = "<group>"; };
/* End PBXFileReference section */

/* Begin PBXFrameworksBuildPhase section */
		4C4E059F1B4459D700BF69C2 /* Frameworks */ = {
			isa = PBXFrameworksBuildPhase;
			buildActionMask = 2147483647;
			files = (
			);
			runOnlyForDeploymentPostprocessing = 0;
		};
/* End PBXFrameworksBuildPhase section */

/* Begin PBXGroup section */
		4C4E05991B4459D700BF69C2 = {
			isa = PBXGroup;
			children = (
				4C4E05A41B4459D700BF69C2 /* PListEditor */,
				4C4E05A31B4459D700BF69C2 /* Products */,
			);
			sourceTree = "<group>";
		};
		4C4E05A31B4459D700BF69C2 /* Products */ = {
			isa = PBXGroup;
			children = (
				4C4E05A21B4459D700BF69C2 /* PListEditor.app */,
			);
			name = Products;
			sourceTree = "<group>";
		};
		4C4E05A41B4459D700BF69C2 /* PListEditor */ = {
			isa = PBXGroup;
			children = (
				4C4E05A51B4459D700BF69C2 /* AppDelegate.swift */,
				4C4E05A71B4459D700BF69C2 /* Document.swift */,
				4C4E05A91B4459D700BF69C2 /* Document.xib */,
				4C4E05AC1B4459D700BF69C2 /* Assets.xcassets */,
				4C4E05AE1B4459D700BF69C2 /* MainMenu.xib */,
				4C4E05B11B4459D700BF69C2 /* Info.plist */,
			);
			path = PListEditor;
			sourceTree = "<group>";
		};
/* End PBXGroup section */

/* Begin PBXNativeTarget section */
		4C4E05A11B4459D700BF69C2 /* PListEditor */ = {
			isa = PBXNativeTarget;
			buildConfigurationList = 4C4E05B41B4459D700BF69C2 /* Build configuration list for PBXNativeTarget "PListEditor" */;
			buildPhases = (
				4C4E059E1B4459D700BF69C2 /* Sources */,
				4C4E059F1B4459D700BF69C2 /* Frameworks */,
				4C4E05A01B4459D700BF69C2 /* Resources */,
			);
			buildRules = (
			);
			dependencies = (
			);
			name = PListEditor;
			productName = PListEditor;
			productReference = 4C4E05A21B4459D700BF69C2 /* PListEditor.app */;
			productType = "com.apple.product-type.application";
		};
/* End PBXNativeTarget section */

/* Begin PBXProject section */
		4C4E059A1B4459D700BF69C2 /* Project object */ = {
			isa = PBXProject;
			attributes = {
				LastUpgradeCheck = 0700;
				ORGANIZATIONNAME = "Quantum Lens Cap";
				TargetAttributes = {
					4C4E05A11B4459D700BF69C2 = {
						CreatedOnToolsVersion = 7.0;
					};
				};
			};
			buildConfigurationList = 4C4E059D1B4459D700BF69C2 /* Build configuration list for PBXProject "PListEditor" */;
			compatibilityVersion = "Xcode 3.2";
			developmentRegion = English;
			hasScannedForEncodings = 0;
			knownRegions = (
				en,
				Base,
			);
			mainGroup = 4C4E05991B4459D700BF69C2;
			productRefGroup = 4C4E05A31B4459D700BF69C2 /* Products */;
			projectDirPath = "";
			projectRoot = "";
			targets = (
				4C4E05A11B4459D700BF69C2 /* PListEditor */,
			);
		};
/* End PBXProject section */

/* Begin PBXResourcesBuildPhase section */
		4C4E05A01B4459D700BF69C2 /* Resources */ = {
			isa = PBXResourcesBuildPhase;
			buildActionMask = 2147483647;
			files = (
				4C4E05AD1B4459D700BF69C2 /* Assets.xcassets in Resources */,
				4C4E05AB1B4459D700BF69C2 /* Document.xib in Resources */,
				4C4E05B01B4459D700BF69C2 /* MainMenu.xib in Resources */,
			);
			runOnlyForDeploymentPostprocessing = 0;
		};
/* End PBXResourcesBuildPhase section */

/* Begin PBXSourcesBuildPhase section */
		4C4E059E1B4459D700BF69C2 /* Sources */ = {
			isa = PBXSourcesBuildPhase;
			buildActionMask = 2147483647;
			files = (
				4C4E05A81B4459D700BF69C2 /* Document.swift in Sources */,
				4C4E05A61B4459D700BF69C2 /* AppDelegate.swift in Sources */,
			);
			runOnlyForDeploymentPostprocessing = 0;
		};
/* End PBXSourcesBuildPhase section */

/* Begin PBXVariantGroup section */
		4C4E05A91B4459D700BF69C2 /* Document.xib */ = {
			isa = PBXVariantGroup;
			children = (
				4C4E05AA1B4459D700BF69C2 /* Base */,
			);
			name = Document.xib;
			sourceTree = "<group>";
		};
		4C4E05AE1B4459D700BF69C2 /* MainMenu.xib */ = {
			isa = PBXVariantGroup;
			children = (
				4C4E05AF1B4459D700BF69C2 /* Base */,
			);
			name = MainMenu.xib;
			sourceTree = "<group>";
		};
/* End PBXVariantGroup section */

/* Begin XCBuildConfiguration section */
		4C4E05B21B4459D700BF69C2 /* Debug */ = {
			isa = XCBuildConfiguration;
			buildSettings = {
				ALWAYS_SEARCH_USER_PATHS = NO;
				CLANG_CXX_LANGUAGE_STANDARD = "gnu++0x";
				CLANG_CXX_LIBRARY = "libc++";
				CLANG_ENABLE_MODULES = YES;
				CLANG_ENABLE_OBJC_ARC = YES;
				CLANG_WARN_BOOL_CONVERSION = YES;
				CLANG_WARN_CONSTANT_CONVERSION = YES;
				CLANG_WARN_DIRECT_OBJC_ISA_USAGE = YES_ERROR;
				CLANG_WARN_EMPTY_BODY = YES;
				CLANG_WARN_ENUM_CONVERSION = YES;
				CLANG_WARN_INT_CONVERSION = YES;
				CLANG_WARN_OBJC_ROOT_CLASS = YES_ERROR;
				CLANG_WARN_UNREACHABLE_CODE = YES;
				CLANG_WARN__DUPLICATE_METHOD_MATCH = YES;
				CODE_SIGN_IDENTITY = "-";
				COPY_PHASE_STRIP = NO;
				DEBUG_INFORMATION_FORMAT = dwarf;
				ENABLE_STRICT_OBJC_MSGSEND = YES;
				ENABLE_TESTABILITY = YES;
				GCC_C_LANGUAGE_STANDARD = gnu99;
				GCC_DYNAMIC_NO_PIC = NO;
				GCC_NO_COMMON_BLOCKS = YES;
				GCC_OPTIMIZATION_LEVEL = 0;
				GCC_PREPROCESSOR_DEFINITIONS = (
					"DEBUG=1",
					"$(inherited)",
				);
				GCC_WARN_64_TO_32_BIT_CONVERSION = YES;
				GCC_WARN_ABOUT_RETURN_TYPE = YES_ERROR;
				GCC_WARN_UNDECLARED_SELECTOR = YES;
				GCC_WARN_UNINITIALIZED_AUTOS = YES_AGGRESSIVE;
				GCC_WARN_UNUSED_FUNCTION = YES;
				GCC_WARN_UNUSED_VARIABLE = YES;
				MACOSX_DEPLOYMENT_TARGET = 10.10;
				MTL_ENABLE_DEBUG_INFO = YES;
				ONLY_ACTIVE_ARCH = YES;
				SDKROOT = macosx;
				SWIFT_OPTIMIZATION_LEVEL = "-Onone";
			};
			name = Debug;
		};
		4C4E05B31B4459D700BF69C2 /* Release */ = {
			isa = XCBuildConfiguration;
			buildSettings = {
				ALWAYS_SEARCH_USER_PATHS = NO;
				CLANG_CXX_LANGUAGE_STANDARD = "gnu++0x";
				CLANG_CXX_LIBRARY = "libc++";
				CLANG_ENABLE_MODULES = YES;
				CLANG_ENABLE_OBJC_ARC = YES;
				CLANG_WARN_BOOL_CONVERSION = YES;
				CLANG_WARN_CONSTANT_CONVERSION = YES;
				CLANG_WARN_DIRECT_OBJC_ISA_USAGE = YES_ERROR;
				CLANG_WARN_EMPTY_BODY = YES;
				CLANG_WARN_ENUM_CONVERSION = YES;
				CLANG_WARN_INT_CONVERSION = YES;
				CLANG_WARN_OBJC_ROOT_CLASS = YES_ERROR;
				CLANG_WARN_UNREACHABLE_CODE = YES;
				CLANG_WARN__DUPLICATE_METHOD_MATCH = YES;
				CODE_SIGN_IDENTITY = "-";
				COPY_PHASE_STRIP = NO;
				DEBUG_INFORMATION_FORMAT = "dwarf-with-dsym";
				ENABLE_NS_ASSERTIONS = NO;
				ENABLE_STRICT_OBJC_MSGSEND = YES;
				GCC_C_LANGUAGE_STANDARD = gnu99;
				GCC_NO_COMMON_BLOCKS = YES;
				GCC_WARN_64_TO_32_BIT_CONVERSION = YES;
				GCC_WARN_ABOUT_RETURN_TYPE = YES_ERROR;
				GCC_WARN_UNDECLARED_SELECTOR = YES;
				GCC_WARN_UNINITIALIZED_AUTOS = YES_AGGRESSIVE;
				GCC_WARN_UNUSED_FUNCTION = YES;
				GCC_WARN_UNUSED_VARIABLE = YES;
				MACOSX_DEPLOYMENT_TARGET = 10.10;
				MTL_ENABLE_DEBUG_INFO = NO;
				SDKROOT = macosx;
			};
			name = Release;
		};
		4C4E05B51B4459D700BF69C2 /* Debug */ = {
			isa = XCBuildConfiguration;
			buildSettings = {
				ASSETCATALOG_COMPILER_APPICON_NAME = AppIcon;
				COMBINE_HIDPI_IMAGES = YES;
				INFOPLIST_FILE = PListEditor/Info.plist;
				LD_RUNPATH_SEARCH_PATHS = "$(inherited) @executable_path/../Frameworks";
				PRODUCT_BUNDLE_IDENTIFIER = com.quantumlenscap.PListEditor;
				PRODUCT_NAME = "$(TARGET_NAME)";
			};
			name = Debug;
		};
		4C4E05B61B4459D700BF69C2 /* Release */ = {
			isa = XCBuildConfiguration;
			buildSettings = {
				ASSETCATALOG_COMPILER_APPICON_NAME = AppIcon;
				COMBINE_HIDPI_IMAGES = YES;
				INFOPLIST_FILE = PListEditor/Info.plist;
				LD_RUNPATH_SEARCH_PATHS = "$(inherited) @executable_path/../Frameworks";
				PRODUCT_BUNDLE_IDENTIFIER = com.quantumlenscap.PListEditor;
				PRODUCT_NAME = "$(TARGET_NAME)";
			};
			name = Release;
		};
/* End XCBuildConfiguration section */

/* Begin XCConfigurationList section */
		4C4E059D1B4459D700BF69C2 /* Build configuration list for PBXProject "PListEditor" */ = {
			isa = XCConfigurationList;
			buildConfigurations = (
				4C4E05B21B4459D700BF69C2 /* Debug */,
				4C4E05B31B4459D700BF69C2 /* Release */,
			);
			defaultConfigurationIsVisible = 0;
			defaultConfigurationName = Release;
		};
		4C4E05B41B4459D700BF69C2 /* Build configuration list for PBXNativeTarget "PListEditor" */ = {
			isa = XCConfigurationList;
			buildConfigurations = (
				4C4E05B51B4459D700BF69C2 /* Debug */,
				4C4E05B61B4459D700BF69C2 /* Release */,
			);
			defaultConfigurationIsVisible = 0;
		};
/* End XCConfigurationList section */
	};
	rootObject = 4C4E059A1B4459D700BF69C2 /* Project object */;
}
